github.com/future-wd/hugo-contact-form-xhr/v2 v2.0.5 h1:6V6hhstuZWoZ4ReLkUnOCXy7lq1hCJgw+AeXnPhL4Is=
github.com/future-wd/hugo-contact-form-xhr/v2 v2.0.5/go.mod h1:hpugMvN9zJoSn+LzcbobRTl2A9JmN/RitPoH1k61vSk=
github.com/future-wd/hugo-contact-form-xhr/v2 v2.1.0 h1:+lC3X5XriapbjYitePR6PYfi2u6XfR5mjo2YHizREn4=
github.com/future-wd/hugo-contact-form-xhr/v2 v2.1.0/go.mod h1:hpugMvN9zJoSn+LzcbobRTl2A9JmN/RitPoH1k61vSk=
github.com/future-wd/hugo-contact-form-xhr/v2 v2.1.2 h1:PerL3P6iqt5Ycfn16A6R+8zb0c+LwwkJvgrHIP14lms=
github.com/future-wd/hugo-contact-form-xhr/v2 v2.1.2/go.mod h1:hpugMvN9zJoSn+LzcbobRTl2A9JmN/RitPoH1k61vSk=
github.com/future-wd/hugo-image v0.1.1 h1:2PKdGqVJO6rkPRDrI9lVpEkjdvIw01s/cLgNirGvLJ0=
github.com/future-wd/hugo-image v0.1.1/go.mod h1:IWSFyLh5UEhs27ao9y2H339ssUaViU+2XFH2w7h6DBI=
github.com/future-wd/hugo-image v0.1.3 h1:YcIOhZFchWuL3I5CFjICJm80oTJMlSkXSuh0YdgZBrY=
github.com/future-wd/hugo-image v0.1.3/go.mod h1:IWSFyLh5UEhs27ao9y2H339ssUaViU+2XFH2w7h6DBI=
github.com/future-wd/hugo-image/v2 v2.0.0-alpha.2 h1:gOdC9W4GBpRxWc1LH07B6TvASgzI9A8FRmZEUTZWUx0=
github.com/future-wd/hugo-image/v2 v2.0.0-alpha.2/go.mod h1:pgmI8Lr5TeXkl418o42OQpbz+N2ibfSE227o4tmq7JY=
github.com/future-wd/hugo-image/v2 v2.0.0-alpha.5 h1:WWMoH7gUUw+C1udKlgrle6IqDYygJes39e593sBDmQc=
github.com/future-wd/hugo-image/v2 v2.0.0-alpha.5/go.mod h1:pgmI8Lr5TeXkl418o42OQpbz+N2ibfSE227o4tmq7JY=
github.com/future-wd/hugo-image/v2 v2.0.0-alpha.6 h1:ynxLfBsGgCbbErwaTPYwNwVRpMZplQoTGYqoWhA1Xws=
github.com/future-wd/hugo-image/v2 v2.0.0-alpha.6/go.mod h1:pgmI8Lr5TeXkl418o42OQpbz+N2ibfSE227o4tmq7JY=
github.com/future-wd/hugo-image/v2 v2.0.0-alpha.9 h1:GzGfClpRUzsxQ+1VtC2zGaKqW6lrcrtifuMhsXlMvCE=
github.com/future-wd/hugo-image/v2 v2.0.0-alpha.9/go.mod h1:pgmI8Lr5TeXkl418o42OQpbz+N2ibfSE227o4tmq7JY=
github.com/future-wd/hugo-image/v2 v2.0.0-alpha.15 h1:8B9qNNSSHKdZhgytmXCWLkwAAgI9GKoooW2Lz7KWMJQ=
github.com/future-wd/hugo-image/v2 v2.0.0-alpha.15/go.mod h1:pgmI8Lr5TeXkl418o42OQpbz+N2ibfSE227o4tmq7JY=
github.com/future-wd/hugo-image/v3 v3.0.0-alpha.2 h1:eXJKdTFZgx7qzOMdzILnEJLYj/oVxr2Yzte4iIKsT6Q=
github.com/future-wd/hugo-image/v3 v3.0.0-alpha.2/go.mod h1:zm36U+nwmRu4Y+juelDFPmATZBFrtBDezp/XEi6O0f4=
github.com/future-wd/hugo-image/v3 v3.0.0-alpha.3 h1:X1JoUEcg1IvEsW2gUvMQSJuzCJUXqBvrpzymeCx6Lgk=
github.com/future-wd/hugo-image/v3 v3.0.0-alpha.3/go.mod h1:zm36U+nwmRu4Y+juelDFPmATZBFrtBDezp/XEi6O0f4=
github.com/future-wd/hugo-image/v3 v3.0.0-alpha.5 h1:YLYb+fdO6cW3uJV5y74TvIGuGth/Kg7emiEg0hEpTCo=
github.com/future-wd/hugo-image/v3 v3.0.0-alpha.5/go.mod h1:zm36U+nwmRu4Y+juelDFPmATZBFrtBDezp/XEi6O0f4=
github.com/future-wd/hugo-snipcart/v3 v3.1.2 h1:Fw5HJERwgqG3LY3vRJCzKml1aUxJSD5ZkxCmv6NbVCI=
github.com/future-wd/hugo-snipcart/v3 v3.1.2/go.mod h1:ZGcdXCpUHf7QUkEgKhwGonStqIaxzUZ13WQd5lDVtCw=
github.com/future-wd/hugo-snipcart/v3 v3.3.0 h1:EWysXWsniJiRIcE6lHvZ3vMve9NPt7Fb55YGbCwVKdE=
github.com/future-wd/hugo-snipcart/v3 v3.3.0/go.mod h1:ZGcdXCpUHf7QUkEgKhwGonStqIaxzUZ13WQd5lDVtCw=
github.com/future-wd/hugo-snipcart/v3 v3.3.1 h1:sGdBfYperAd7uZYCpxnuigSzyhhER/iSzwGW/X4Cq68=
github.com/future-wd/hugo-snipcart/v3 v3.3.1/go.mod h1:ZGcdXCpUHf7QUkEgKhwGonStqIaxzUZ13WQd5lDVtCw=
github.com/future-wd/hugo-snipcart/v3 v3.3.3 h1:3Hi1QWKpZ4RKv12cIUOrBNroHWUVEW+xIcxRgunboQc=
github.com/future-wd/hugo-snipcart/v3 v3.3.3/go.mod h1:ZGcdXCpUHf7QUkEgKhwGonStqIaxzUZ13WQd5lDVtCw=
github.com/future-wd/hugo-svg-font v0.9.1 h1:QNe/sgCthA5albq5xwvQAjkXZq7yTJs9RGIX78zK5/w=
github.com/future-wd/hugo-svg-font v0.9.1/go.mod h1:piGkkzYhOE5DdcZiYUIiiBTCXCUl4QmCrVcmtH4jOoU=
github.com/future-wd/hugo-svg-font v2.0.0+incompatible h1:8nxxLojtb/O4xQUjrLvbs1NClNJ8/NUYFWZ5ATAX3Ac=
github.com/future-wd/hugo-svg-font v2.0.0+incompatible/go.mod h1:piGkkzYhOE5DdcZiYUIiiBTCXCUl4QmCrVcmtH4jOoU=
github.com/future-wd/hugo-svg-font/v2 v2.0.2 h1:uARvtH9xVqCk8s5urSCnf51UQ9hSPUmOKqvXomyAR44=
github.com/future-wd/hugo-svg-font/v2 v2.0.2/go.mod h1:+fHj9IQFqQPVz/JXV5uEiqmkDRQLeClX7IlBp/fvfhI=
github.com/future-wd/hugo-svg-font/v2 v2.1.0 h1:nyn9tm8DfsI5CWLcddEAXDLmuWPOUnz+C5f+v8DHlkw=
github.com/future-wd/hugo-svg-font/v2 v2.1.0/go.mod h1:+fHj9IQFqQPVz/JXV5uEiqmkDRQLeClX7IlBp/fvfhI=
github.com/future-wd/hugo-svg-font/v2 v2.1.1 h1:XxkRmCuLvFMl0aehY8KxcgtqSmDkYIUnKqW2n/fJWF4=
github.com/future-wd/hugo-svg-font/v2 v2.1.1/go.mod h1:+fHj9IQFqQPVz/JXV5uEiqmkDRQLeClX7IlBp/fvfhI=
github.com/future-wd/hugo-svg-font/v2 v2.3.2 h1:lk6t3QNDbSA1QEsSOQVphzmN7hYXCbsVznOiDrHatLo=
github.com/future-wd/hugo-svg-font/v2 v2.3.2/go.mod h1:+fHj9IQFqQPVz/JXV5uEiqmkDRQLeClX7IlBp/fvfhI=
github.com/future-wd/hugo-svg-font/v2 v2.3.3 h1:PYoGTQRtPBFaqnsrxhM4V8BOuIyju3LW/4FeHwyfMXM=
github.com/future-wd/hugo-svg-font/v2 v2.3.3/go.mod h1:+fHj9IQFqQPVz/JXV5uEiqmkDRQLeClX7IlBp/fvfhI=
github.com/theNewDynamic/hugo-module-tnd-netlifycms v0.1.80 h1:1msyp/pvZCNWmd9AI0/CHULHQAf+yKgd2LfedA5i1lQ=
github.com/theNewDynamic/hugo-module-tnd-netlifycms v0.1.80/go.mod h1:nq9tIR0Xpx2W2mSQHfJya2OvAfgYOMveqrllijA27vo=
